// !$*UTF8*$!
{
	archiveVersion = 1;
	classes = {
	};
	objectVersion = 46;
	objects = {

/* Begin PBXBuildFile section */
		FB4AC6E31AF8F4170005707E /* HYKeyValueObserver.m in Sources */ = {isa = PBXBuildFile; fileRef = FB4AC6E21AF8F4170005707E /* HYKeyValueObserver.m */; };
		FB65201E1AFB4C52004AC694 /* HYStockChartGloablVariable.m in Sources */ = {isa = PBXBuildFile; fileRef = FB65201D1AFB4C52004AC694 /* HYStockChartGloablVariable.m */; };
		FB6520341AFB8973004AC694 /* KLine.plist in Resources */ = {isa = PBXBuildFile; fileRef = FB6520331AFB8973004AC694 /* KLine.plist */; };
		FB6529E31B00BF3200627565 /* HYTimeLineGroupModel.m in Sources */ = {isa = PBXBuildFile; fileRef = FB6529E21B00BF3200627565 /* HYTimeLineGroupModel.m */; };
		FB6529E61B00D39200627565 /* HYTimeLineVolume.m in Sources */ = {isa = PBXBuildFile; fileRef = FB6529E51B00D39200627565 /* HYTimeLineVolume.m */; };
		FB70639A1AFC6BB4004484A7 /* HYKLine.m in Sources */ = {isa = PBXBuildFile; fileRef = FB70638A1AFC6BB4004484A7 /* HYKLine.m */; };
		FB70639B1AFC6BB4004484A7 /* HYKLineAboveView.m in Sources */ = {isa = PBXBuildFile; fileRef = FB70638C1AFC6BB4004484A7 /* HYKLineAboveView.m */; };
		FB70639C1AFC6BB4004484A7 /* HYKLinePositionModel.m in Sources */ = {isa = PBXBuildFile; fileRef = FB70638E1AFC6BB4004484A7 /* HYKLinePositionModel.m */; };
		FB70639D1AFC6BB4004484A7 /* HYKLineBelowView.m in Sources */ = {isa = PBXBuildFile; fileRef = FB7063911AFC6BB4004484A7 /* HYKLineBelowView.m */; };
		FB70639E1AFC6BB4004484A7 /* HYKLineVolume.m in Sources */ = {isa = PBXBuildFile; fileRef = FB7063931AFC6BB4004484A7 /* HYKLineVolume.m */; };
		FB70639F1AFC6BB4004484A7 /* HYKLineVolumePositionModel.m in Sources */ = {isa = PBXBuildFile; fileRef = FB7063951AFC6BB4004484A7 /* HYKLineVolumePositionModel.m */; };
		FB7063A01AFC6BB4004484A7 /* HYKLineModel.m in Sources */ = {isa = PBXBuildFile; fileRef = FB7063971AFC6BB4004484A7 /* HYKLineModel.m */; };
		FB7063A11AFC6BB4004484A7 /* HYKLineView.m in Sources */ = {isa = PBXBuildFile; fileRef = FB7063991AFC6BB4004484A7 /* HYKLineView.m */; };
		FB76B74D1AF71D6300FDE90B /* main.m in Sources */ = {isa = PBXBuildFile; fileRef = FB76B74C1AF71D6300FDE90B /* main.m */; };
		FB76B7501AF71D6300FDE90B /* AppDelegate.m in Sources */ = {isa = PBXBuildFile; fileRef = FB76B74F1AF71D6300FDE90B /* AppDelegate.m */; };
		FB76B7531AF71D6300FDE90B /* ViewController.m in Sources */ = {isa = PBXBuildFile; fileRef = FB76B7521AF71D6300FDE90B /* ViewController.m */; };
		FB76B7561AF71D6300FDE90B /* Main.storyboard in Resources */ = {isa = PBXBuildFile; fileRef = FB76B7541AF71D6300FDE90B /* Main.storyboard */; };
		FB76B7581AF71D6300FDE90B /* Images.xcassets in Resources */ = {isa = PBXBuildFile; fileRef = FB76B7571AF71D6300FDE90B /* Images.xcassets */; };
		FB76B75B1AF71D6300FDE90B /* LaunchScreen.xib in Resources */ = {isa = PBXBuildFile; fileRef = FB76B7591AF71D6300FDE90B /* LaunchScreen.xib */; };
		FB76B7671AF71D6300FDE90B /* JimuStockChartDemoTests.m in Sources */ = {isa = PBXBuildFile; fileRef = FB76B7661AF71D6300FDE90B /* JimuStockChartDemoTests.m */; };
		FB76B7991AF7535D00FDE90B /* MASCompositeConstraint.m in Sources */ = {isa = PBXBuildFile; fileRef = FB76B7831AF7535D00FDE90B /* MASCompositeConstraint.m */; };
		FB76B79A1AF7535D00FDE90B /* MASConstraint.m in Sources */ = {isa = PBXBuildFile; fileRef = FB76B7861AF7535D00FDE90B /* MASConstraint.m */; };
		FB76B79B1AF7535D00FDE90B /* MASConstraintMaker.m in Sources */ = {isa = PBXBuildFile; fileRef = FB76B7881AF7535D00FDE90B /* MASConstraintMaker.m */; };
		FB76B79C1AF7535D00FDE90B /* MASLayoutConstraint.m in Sources */ = {isa = PBXBuildFile; fileRef = FB76B78A1AF7535D00FDE90B /* MASLayoutConstraint.m */; };
		FB76B79D1AF7535D00FDE90B /* MASViewAttribute.m in Sources */ = {isa = PBXBuildFile; fileRef = FB76B78E1AF7535D00FDE90B /* MASViewAttribute.m */; };
		FB76B79E1AF7535D00FDE90B /* MASViewConstraint.m in Sources */ = {isa = PBXBuildFile; fileRef = FB76B7901AF7535D00FDE90B /* MASViewConstraint.m */; };
		FB76B79F1AF7535D00FDE90B /* NSArray+MASAdditions.m in Sources */ = {isa = PBXBuildFile; fileRef = FB76B7921AF7535D00FDE90B /* NSArray+MASAdditions.m */; };
		FB76B7A01AF7535D00FDE90B /* NSLayoutConstraint+MASDebugAdditions.m in Sources */ = {isa = PBXBuildFile; fileRef = FB76B7951AF7535D00FDE90B /* NSLayoutConstraint+MASDebugAdditions.m */; };
		FB76B7A11AF7535D00FDE90B /* View+MASAdditions.m in Sources */ = {isa = PBXBuildFile; fileRef = FB76B7971AF7535D00FDE90B /* View+MASAdditions.m */; };
		FB76B7D31AF75B5E00FDE90B /* HYStockChartView.m in Sources */ = {isa = PBXBuildFile; fileRef = FB76B7CE1AF75B5E00FDE90B /* HYStockChartView.m */; };
		FB76B7DA1AF7627D00FDE90B /* stock.csv in Resources */ = {isa = PBXBuildFile; fileRef = FB76B7D91AF7627D00FDE90B /* stock.csv */; };
		FB76B7DF1AF7696E00FDE90B /* CHCSVParser.m in Sources */ = {isa = PBXBuildFile; fileRef = FB76B7DD1AF7696E00FDE90B /* CHCSVParser.m */; };
		FB76B7F61AF76CE800FDE90B /* MJConst.m in Sources */ = {isa = PBXBuildFile; fileRef = FB76B7E61AF76CE800FDE90B /* MJConst.m */; };
		FB76B7F71AF76CE800FDE90B /* MJFoundation.m in Sources */ = {isa = PBXBuildFile; fileRef = FB76B7E91AF76CE800FDE90B /* MJFoundation.m */; };
		FB76B7F81AF76CE800FDE90B /* MJProperty.m in Sources */ = {isa = PBXBuildFile; fileRef = FB76B7EB1AF76CE800FDE90B /* MJProperty.m */; };
		FB76B7F91AF76CE800FDE90B /* MJType.m in Sources */ = {isa = PBXBuildFile; fileRef = FB76B7ED1AF76CE800FDE90B /* MJType.m */; };
		FB76B7FA1AF76CE800FDE90B /* NSObject+MJCoding.m in Sources */ = {isa = PBXBuildFile; fileRef = FB76B7EF1AF76CE800FDE90B /* NSObject+MJCoding.m */; };
		FB76B7FB1AF76CE800FDE90B /* NSObject+MJKeyValue.m in Sources */ = {isa = PBXBuildFile; fileRef = FB76B7F11AF76CE800FDE90B /* NSObject+MJKeyValue.m */; };
		FB76B7FC1AF76CE800FDE90B /* NSObject+MJProperty.m in Sources */ = {isa = PBXBuildFile; fileRef = FB76B7F31AF76CE800FDE90B /* NSObject+MJProperty.m */; };
		FB76B7FD1AF76CE800FDE90B /* NSString+MJExtension.m in Sources */ = {isa = PBXBuildFile; fileRef = FB76B7F51AF76CE800FDE90B /* NSString+MJExtension.m */; };
		FB883DF41AF7BA2100E634EF /* HYStockChartConstant.m in Sources */ = {isa = PBXBuildFile; fileRef = FB883DF31AF7BA2100E634EF /* HYStockChartConstant.m */; };
		FBADB5C11AFCC67F0067955A /* TimeLine.plist in Resources */ = {isa = PBXBuildFile; fileRef = FBADB5C01AFCC67F0067955A /* TimeLine.plist */; };
		FBADB5C51AFCC89E0067955A /* HYTimeLineView.m in Sources */ = {isa = PBXBuildFile; fileRef = FBADB5C41AFCC89E0067955A /* HYTimeLineView.m */; };
		FBADB5CA1AFCC8EF0067955A /* HYTimeLineAboveView.m in Sources */ = {isa = PBXBuildFile; fileRef = FBADB5C91AFCC8EF0067955A /* HYTimeLineAboveView.m */; };
		FBADB5CD1AFCC8F90067955A /* HYTimeLineBelowView.m in Sources */ = {isa = PBXBuildFile; fileRef = FBADB5CC1AFCC8F90067955A /* HYTimeLineBelowView.m */; };
		FBADB5D01AFCC9630067955A /* HYTimeLineAbovePositionModel.m in Sources */ = {isa = PBXBuildFile; fileRef = FBADB5CF1AFCC9630067955A /* HYTimeLineAbovePositionModel.m */; };
		FBADB5D31AFCC9CA0067955A /* HYTimeLineBelowPositionModel.m in Sources */ = {isa = PBXBuildFile; fileRef = FBADB5D21AFCC9CA0067955A /* HYTimeLineBelowPositionModel.m */; };
		FBADB5D61AFCCA050067955A /* HYTimeLine.m in Sources */ = {isa = PBXBuildFile; fileRef = FBADB5D51AFCCA050067955A /* HYTimeLine.m */; };
		FBADB5D91AFCCACB0067955A /* HYTimeLineModel.m in Sources */ = {isa = PBXBuildFile; fileRef = FBADB5D81AFCCACB0067955A /* HYTimeLineModel.m */; };
		FBC537801B0379DE00BDF345 /* HYStockChartSegmentView.m in Sources */ = {isa = PBXBuildFile; fileRef = FBC5377F1B0379DE00BDF345 /* HYStockChartSegmentView.m */; };
/* End PBXBuildFile section */

/* Begin PBXContainerItemProxy section */
		FB76B7611AF71D6300FDE90B /* PBXContainerItemProxy */ = {
			isa = PBXContainerItemProxy;
			containerPortal = FB76B73F1AF71D6300FDE90B /* Project object */;
			proxyType = 1;
			remoteGlobalIDString = FB76B7461AF71D6300FDE90B;
			remoteInfo = JimuStockChartDemo;
		};
/* End PBXContainerItemProxy section */

/* Begin PBXFileReference section */
		FB4AC6E11AF8F4170005707E /* HYKeyValueObserver.h */ = {isa = PBXFileReference; fileEncoding = 4; lastKnownFileType = sourcecode.c.h; path = HYKeyValueObserver.h; sourceTree = "<group>"; };
		FB4AC6E21AF8F4170005707E /* HYKeyValueObserver.m */ = {isa = PBXFileReference; fileEncoding = 4; lastKnownFileType = sourcecode.c.objc; path = HYKeyValueObserver.m; sourceTree = "<group>"; };
		FB65201C1AFB4C52004AC694 /* HYStockChartGloablVariable.h */ = {isa = PBXFileReference; fileEncoding = 4; lastKnownFileType = sourcecode.c.h; path = HYStockChartGloablVariable.h; sourceTree = "<group>"; };
		FB65201D1AFB4C52004AC694 /* HYStockChartGloablVariable.m */ = {isa = PBXFileReference; fileEncoding = 4; lastKnownFileType = sourcecode.c.objc; path = HYStockChartGloablVariable.m; sourceTree = "<group>"; };
		FB6520331AFB8973004AC694 /* KLine.plist */ = {isa = PBXFileReference; fileEncoding = 4; lastKnownFileType = text.plist.xml; path = KLine.plist; sourceTree = "<group>"; };
		FB6529E11B00BF3200627565 /* HYTimeLineGroupModel.h */ = {isa = PBXFileReference; fileEncoding = 4; lastKnownFileType = sourcecode.c.h; path = HYTimeLineGroupModel.h; sourceTree = "<group>"; };
		FB6529E21B00BF3200627565 /* HYTimeLineGroupModel.m */ = {isa = PBXFileReference; fileEncoding = 4; lastKnownFileType = sourcecode.c.objc; path = HYTimeLineGroupModel.m; sourceTree = "<group>"; };
		FB6529E41B00D39200627565 /* HYTimeLineVolume.h */ = {isa = PBXFileReference; fileEncoding = 4; lastKnownFileType = sourcecode.c.h; path = HYTimeLineVolume.h; sourceTree = "<group>"; };
		FB6529E51B00D39200627565 /* HYTimeLineVolume.m */ = {isa = PBXFileReference; fileEncoding = 4; lastKnownFileType = sourcecode.c.objc; path = HYTimeLineVolume.m; sourceTree = "<group>"; };
		FB7063891AFC6BB4004484A7 /* HYKLine.h */ = {isa = PBXFileReference; fileEncoding = 4; lastKnownFileType = sourcecode.c.h; path = HYKLine.h; sourceTree = "<group>"; };
		FB70638A1AFC6BB4004484A7 /* HYKLine.m */ = {isa = PBXFileReference; fileEncoding = 4; lastKnownFileType = sourcecode.c.objc; path = HYKLine.m; sourceTree = "<group>"; };
		FB70638B1AFC6BB4004484A7 /* HYKLineAboveView.h */ = {isa = PBXFileReference; fileEncoding = 4; lastKnownFileType = sourcecode.c.h; path = HYKLineAboveView.h; sourceTree = "<group>"; };
		FB70638C1AFC6BB4004484A7 /* HYKLineAboveView.m */ = {isa = PBXFileReference; fileEncoding = 4; lastKnownFileType = sourcecode.c.objc; path = HYKLineAboveView.m; sourceTree = "<group>"; };
		FB70638D1AFC6BB4004484A7 /* HYKLinePositionModel.h */ = {isa = PBXFileReference; fileEncoding = 4; lastKnownFileType = sourcecode.c.h; path = HYKLinePositionModel.h; sourceTree = "<group>"; };
		FB70638E1AFC6BB4004484A7 /* HYKLinePositionModel.m */ = {isa = PBXFileReference; fileEncoding = 4; lastKnownFileType = sourcecode.c.objc; path = HYKLinePositionModel.m; sourceTree = "<group>"; };
		FB7063901AFC6BB4004484A7 /* HYKLineBelowView.h */ = {isa = PBXFileReference; fileEncoding = 4; lastKnownFileType = sourcecode.c.h; path = HYKLineBelowView.h; sourceTree = "<group>"; };
		FB7063911AFC6BB4004484A7 /* HYKLineBelowView.m */ = {isa = PBXFileReference; fileEncoding = 4; lastKnownFileType = sourcecode.c.objc; path = HYKLineBelowView.m; sourceTree = "<group>"; };
		FB7063921AFC6BB4004484A7 /* HYKLineVolume.h */ = {isa = PBXFileReference; fileEncoding = 4; lastKnownFileType = sourcecode.c.h; path = HYKLineVolume.h; sourceTree = "<group>"; };
		FB7063931AFC6BB4004484A7 /* HYKLineVolume.m */ = {isa = PBXFileReference; fileEncoding = 4; lastKnownFileType = sourcecode.c.objc; path = HYKLineVolume.m; sourceTree = "<group>"; };
		FB7063941AFC6BB4004484A7 /* HYKLineVolumePositionModel.h */ = {isa = PBXFileReference; fileEncoding = 4; lastKnownFileType = sourcecode.c.h; path = HYKLineVolumePositionModel.h; sourceTree = "<group>"; };
		FB7063951AFC6BB4004484A7 /* HYKLineVolumePositionModel.m */ = {isa = PBXFileReference; fileEncoding = 4; lastKnownFileType = sourcecode.c.objc; path = HYKLineVolumePositionModel.m; sourceTree = "<group>"; };
		FB7063961AFC6BB4004484A7 /* HYKLineModel.h */ = {isa = PBXFileReference; fileEncoding = 4; lastKnownFileType = sourcecode.c.h; path = HYKLineModel.h; sourceTree = "<group>"; };
		FB7063971AFC6BB4004484A7 /* HYKLineModel.m */ = {isa = PBXFileReference; fileEncoding = 4; lastKnownFileType = sourcecode.c.objc; path = HYKLineModel.m; sourceTree = "<group>"; };
		FB7063981AFC6BB4004484A7 /* HYKLineView.h */ = {isa = PBXFileReference; fileEncoding = 4; lastKnownFileType = sourcecode.c.h; path = HYKLineView.h; sourceTree = "<group>"; };
		FB7063991AFC6BB4004484A7 /* HYKLineView.m */ = {isa = PBXFileReference; fileEncoding = 4; lastKnownFileType = sourcecode.c.objc; path = HYKLineView.m; sourceTree = "<group>"; };
		FB76B7471AF71D6300FDE90B /* JimuStockChartDemo.app */ = {isa = PBXFileReference; explicitFileType = wrapper.application; includeInIndex = 0; path = JimuStockChartDemo.app; sourceTree = BUILT_PRODUCTS_DIR; };
		FB76B74B1AF71D6300FDE90B /* Info.plist */ = {isa = PBXFileReference; lastKnownFileType = text.plist.xml; path = Info.plist; sourceTree = "<group>"; };
		FB76B74C1AF71D6300FDE90B /* main.m */ = {isa = PBXFileReference; lastKnownFileType = sourcecode.c.objc; path = main.m; sourceTree = "<group>"; };
		FB76B74E1AF71D6300FDE90B /* AppDelegate.h */ = {isa = PBXFileReference; lastKnownFileType = sourcecode.c.h; path = AppDelegate.h; sourceTree = "<group>"; };
		FB76B74F1AF71D6300FDE90B /* AppDelegate.m */ = {isa = PBXFileReference; lastKnownFileType = sourcecode.c.objc; path = AppDelegate.m; sourceTree = "<group>"; };
		FB76B7511AF71D6300FDE90B /* ViewController.h */ = {isa = PBXFileReference; lastKnownFileType = sourcecode.c.h; path = ViewController.h; sourceTree = "<group>"; };
		FB76B7521AF71D6300FDE90B /* ViewController.m */ = {isa = PBXFileReference; lastKnownFileType = sourcecode.c.objc; path = ViewController.m; sourceTree = "<group>"; };
		FB76B7551AF71D6300FDE90B /* Base */ = {isa = PBXFileReference; lastKnownFileType = file.storyboard; name = Base; path = Base.lproj/Main.storyboard; sourceTree = "<group>"; };
		FB76B7571AF71D6300FDE90B /* Images.xcassets */ = {isa = PBXFileReference; lastKnownFileType = folder.assetcatalog; path = Images.xcassets; sourceTree = "<group>"; };
		FB76B75A1AF71D6300FDE90B /* Base */ = {isa = PBXFileReference; lastKnownFileType = file.xib; name = Base; path = Base.lproj/LaunchScreen.xib; sourceTree = "<group>"; };
		FB76B7601AF71D6300FDE90B /* JimuStockChartDemoTests.xctest */ = {isa = PBXFileReference; explicitFileType = wrapper.cfbundle; includeInIndex = 0; path = JimuStockChartDemoTests.xctest; sourceTree = BUILT_PRODUCTS_DIR; };
		FB76B7651AF71D6300FDE90B /* Info.plist */ = {isa = PBXFileReference; lastKnownFileType = text.plist.xml; path = Info.plist; sourceTree = "<group>"; };
		FB76B7661AF71D6300FDE90B /* JimuStockChartDemoTests.m */ = {isa = PBXFileReference; lastKnownFileType = sourcecode.c.objc; path = JimuStockChartDemoTests.m; sourceTree = "<group>"; };
		FB76B7821AF7535D00FDE90B /* MASCompositeConstraint.h */ = {isa = PBXFileReference; fileEncoding = 4; lastKnownFileType = sourcecode.c.h; path = MASCompositeConstraint.h; sourceTree = "<group>"; };
		FB76B7831AF7535D00FDE90B /* MASCompositeConstraint.m */ = {isa = PBXFileReference; fileEncoding = 4; lastKnownFileType = sourcecode.c.objc; path = MASCompositeConstraint.m; sourceTree = "<group>"; };
		FB76B7841AF7535D00FDE90B /* MASConstraint+Private.h */ = {isa = PBXFileReference; fileEncoding = 4; lastKnownFileType = sourcecode.c.h; path = "MASConstraint+Private.h"; sourceTree = "<group>"; };
		FB76B7851AF7535D00FDE90B /* MASConstraint.h */ = {isa = PBXFileReference; fileEncoding = 4; lastKnownFileType = sourcecode.c.h; path = MASConstraint.h; sourceTree = "<group>"; };
		FB76B7861AF7535D00FDE90B /* MASConstraint.m */ = {isa = PBXFileReference; fileEncoding = 4; lastKnownFileType = sourcecode.c.objc; path = MASConstraint.m; sourceTree = "<group>"; };
		FB76B7871AF7535D00FDE90B /* MASConstraintMaker.h */ = {isa = PBXFileReference; fileEncoding = 4; lastKnownFileType = sourcecode.c.h; path = MASConstraintMaker.h; sourceTree = "<group>"; };
		FB76B7881AF7535D00FDE90B /* MASConstraintMaker.m */ = {isa = PBXFileReference; fileEncoding = 4; lastKnownFileType = sourcecode.c.objc; path = MASConstraintMaker.m; sourceTree = "<group>"; };
		FB76B7891AF7535D00FDE90B /* MASLayoutConstraint.h */ = {isa = PBXFileReference; fileEncoding = 4; lastKnownFileType = sourcecode.c.h; path = MASLayoutConstraint.h; sourceTree = "<group>"; };
		FB76B78A1AF7535D00FDE90B /* MASLayoutConstraint.m */ = {isa = PBXFileReference; fileEncoding = 4; lastKnownFileType = sourcecode.c.objc; path = MASLayoutConstraint.m; sourceTree = "<group>"; };
		FB76B78B1AF7535D00FDE90B /* Masonry.h */ = {isa = PBXFileReference; fileEncoding = 4; lastKnownFileType = sourcecode.c.h; path = Masonry.h; sourceTree = "<group>"; };
		FB76B78C1AF7535D00FDE90B /* MASUtilities.h */ = {isa = PBXFileReference; fileEncoding = 4; lastKnownFileType = sourcecode.c.h; path = MASUtilities.h; sourceTree = "<group>"; };
		FB76B78D1AF7535D00FDE90B /* MASViewAttribute.h */ = {isa = PBXFileReference; fileEncoding = 4; lastKnownFileType = sourcecode.c.h; path = MASViewAttribute.h; sourceTree = "<group>"; };
		FB76B78E1AF7535D00FDE90B /* MASViewAttribute.m */ = {isa = PBXFileReference; fileEncoding = 4; lastKnownFileType = sourcecode.c.objc; path = MASViewAttribute.m; sourceTree = "<group>"; };
		FB76B78F1AF7535D00FDE90B /* MASViewConstraint.h */ = {isa = PBXFileReference; fileEncoding = 4; lastKnownFileType = sourcecode.c.h; path = MASViewConstraint.h; sourceTree = "<group>"; };
		FB76B7901AF7535D00FDE90B /* MASViewConstraint.m */ = {isa = PBXFileReference; fileEncoding = 4; lastKnownFileType = sourcecode.c.objc; path = MASViewConstraint.m; sourceTree = "<group>"; };
		FB76B7911AF7535D00FDE90B /* NSArray+MASAdditions.h */ = {isa = PBXFileReference; fileEncoding = 4; lastKnownFileType = sourcecode.c.h; path = "NSArray+MASAdditions.h"; sourceTree = "<group>"; };
		FB76B7921AF7535D00FDE90B /* NSArray+MASAdditions.m */ = {isa = PBXFileReference; fileEncoding = 4; lastKnownFileType = sourcecode.c.objc; path = "NSArray+MASAdditions.m"; sourceTree = "<group>"; };
		FB76B7931AF7535D00FDE90B /* NSArray+MASShorthandAdditions.h */ = {isa = PBXFileReference; fileEncoding = 4; lastKnownFileType = sourcecode.c.h; path = "NSArray+MASShorthandAdditions.h"; sourceTree = "<group>"; };
		FB76B7941AF7535D00FDE90B /* NSLayoutConstraint+MASDebugAdditions.h */ = {isa = PBXFileReference; fileEncoding = 4; lastKnownFileType = sourcecode.c.h; path = "NSLayoutConstraint+MASDebugAdditions.h"; sourceTree = "<group>"; };
		FB76B7951AF7535D00FDE90B /* NSLayoutConstraint+MASDebugAdditions.m */ = {isa = PBXFileReference; fileEncoding = 4; lastKnownFileType = sourcecode.c.objc; path = "NSLayoutConstraint+MASDebugAdditions.m"; sourceTree = "<group>"; };
		FB76B7961AF7535D00FDE90B /* View+MASAdditions.h */ = {isa = PBXFileReference; fileEncoding = 4; lastKnownFileType = sourcecode.c.h; path = "View+MASAdditions.h"; sourceTree = "<group>"; };
		FB76B7971AF7535D00FDE90B /* View+MASAdditions.m */ = {isa = PBXFileReference; fileEncoding = 4; lastKnownFileType = sourcecode.c.objc; path = "View+MASAdditions.m"; sourceTree = "<group>"; };
		FB76B7981AF7535D00FDE90B /* View+MASShorthandAdditions.h */ = {isa = PBXFileReference; fileEncoding = 4; lastKnownFileType = sourcecode.c.h; path = "View+MASShorthandAdditions.h"; sourceTree = "<group>"; };
		FB76B7CD1AF75B5E00FDE90B /* HYStockChartView.h */ = {isa = PBXFileReference; fileEncoding = 4; lastKnownFileType = sourcecode.c.h; path = HYStockChartView.h; sourceTree = "<group>"; };
		FB76B7CE1AF75B5E00FDE90B /* HYStockChartView.m */ = {isa = PBXFileReference; fileEncoding = 4; lastKnownFileType = sourcecode.c.objc; path = HYStockChartView.m; sourceTree = "<group>"; };
		FB76B7D91AF7627D00FDE90B /* stock.csv */ = {isa = PBXFileReference; fileEncoding = 4; lastKnownFileType = text; path = stock.csv; sourceTree = "<group>"; };
		FB76B7DC1AF7696E00FDE90B /* CHCSVParser.h */ = {isa = PBXFileReference; fileEncoding = 4; lastKnownFileType = sourcecode.c.h; path = CHCSVParser.h; sourceTree = "<group>"; };
		FB76B7DD1AF7696E00FDE90B /* CHCSVParser.m */ = {isa = PBXFileReference; fileEncoding = 4; lastKnownFileType = sourcecode.c.objc; path = CHCSVParser.m; sourceTree = "<group>"; };
		FB76B7E51AF76CE800FDE90B /* MJConst.h */ = {isa = PBXFileReference; fileEncoding = 4; lastKnownFileType = sourcecode.c.h; path = MJConst.h; sourceTree = "<group>"; };
		FB76B7E61AF76CE800FDE90B /* MJConst.m */ = {isa = PBXFileReference; fileEncoding = 4; lastKnownFileType = sourcecode.c.objc; path = MJConst.m; sourceTree = "<group>"; };
		FB76B7E71AF76CE800FDE90B /* MJExtension.h */ = {isa = PBXFileReference; fileEncoding = 4; lastKnownFileType = sourcecode.c.h; path = MJExtension.h; sourceTree = "<group>"; };
		FB76B7E81AF76CE800FDE90B /* MJFoundation.h */ = {isa = PBXFileReference; fileEncoding = 4; lastKnownFileType = sourcecode.c.h; path = MJFoundation.h; sourceTree = "<group>"; };
		FB76B7E91AF76CE800FDE90B /* MJFoundation.m */ = {isa = PBXFileReference; fileEncoding = 4; lastKnownFileType = sourcecode.c.objc; path = MJFoundation.m; sourceTree = "<group>"; };
		FB76B7EA1AF76CE800FDE90B /* MJProperty.h */ = {isa = PBXFileReference; fileEncoding = 4; lastKnownFileType = sourcecode.c.h; path = MJProperty.h; sourceTree = "<group>"; };
		FB76B7EB1AF76CE800FDE90B /* MJProperty.m */ = {isa = PBXFileReference; fileEncoding = 4; lastKnownFileType = sourcecode.c.objc; path = MJProperty.m; sourceTree = "<group>"; };
		FB76B7EC1AF76CE800FDE90B /* MJType.h */ = {isa = PBXFileReference; fileEncoding = 4; lastKnownFileType = sourcecode.c.h; path = MJType.h; sourceTree = "<group>"; };
		FB76B7ED1AF76CE800FDE90B /* MJType.m */ = {isa = PBXFileReference; fileEncoding = 4; lastKnownFileType = sourcecode.c.objc; path = MJType.m; sourceTree = "<group>"; };
		FB76B7EE1AF76CE800FDE90B /* NSObject+MJCoding.h */ = {isa = PBXFileReference; fileEncoding = 4; lastKnownFileType = sourcecode.c.h; path = "NSObject+MJCoding.h"; sourceTree = "<group>"; };
		FB76B7EF1AF76CE800FDE90B /* NSObject+MJCoding.m */ = {isa = PBXFileReference; fileEncoding = 4; lastKnownFileType = sourcecode.c.objc; path = "NSObject+MJCoding.m"; sourceTree = "<group>"; };
		FB76B7F01AF76CE800FDE90B /* NSObject+MJKeyValue.h */ = {isa = PBXFileReference; fileEncoding = 4; lastKnownFileType = sourcecode.c.h; path = "NSObject+MJKeyValue.h"; sourceTree = "<group>"; };
		FB76B7F11AF76CE800FDE90B /* NSObject+MJKeyValue.m */ = {isa = PBXFileReference; fileEncoding = 4; lastKnownFileType = sourcecode.c.objc; path = "NSObject+MJKeyValue.m"; sourceTree = "<group>"; };
		FB76B7F21AF76CE800FDE90B /* NSObject+MJProperty.h */ = {isa = PBXFileReference; fileEncoding = 4; lastKnownFileType = sourcecode.c.h; path = "NSObject+MJProperty.h"; sourceTree = "<group>"; };
		FB76B7F31AF76CE800FDE90B /* NSObject+MJProperty.m */ = {isa = PBXFileReference; fileEncoding = 4; lastKnownFileType = sourcecode.c.objc; path = "NSObject+MJProperty.m"; sourceTree = "<group>"; };
		FB76B7F41AF76CE800FDE90B /* NSString+MJExtension.h */ = {isa = PBXFileReference; fileEncoding = 4; lastKnownFileType = sourcecode.c.h; path = "NSString+MJExtension.h"; sourceTree = "<group>"; };
		FB76B7F51AF76CE800FDE90B /* NSString+MJExtension.m */ = {isa = PBXFileReference; fileEncoding = 4; lastKnownFileType = sourcecode.c.objc; path = "NSString+MJExtension.m"; sourceTree = "<group>"; };
		FB883DED1AF7B8D200E634EF /* HYStockChart.h */ = {isa = PBXFileReference; fileEncoding = 4; lastKnownFileType = sourcecode.c.h; path = HYStockChart.h; sourceTree = "<group>"; };
		FB883DF21AF7BA0400E634EF /* HYStockChartConstant.h */ = {isa = PBXFileReference; lastKnownFileType = sourcecode.c.h; path = HYStockChartConstant.h; sourceTree = "<group>"; };
		FB883DF31AF7BA2100E634EF /* HYStockChartConstant.m */ = {isa = PBXFileReference; fileEncoding = 4; lastKnownFileType = sourcecode.c.objc; path = HYStockChartConstant.m; sourceTree = "<group>"; };
		FBADB5C01AFCC67F0067955A /* TimeLine.plist */ = {isa = PBXFileReference; fileEncoding = 4; lastKnownFileType = text.plist.xml; path = TimeLine.plist; sourceTree = "<group>"; };
		FBADB5C31AFCC89E0067955A /* HYTimeLineView.h */ = {isa = PBXFileReference; fileEncoding = 4; lastKnownFileType = sourcecode.c.h; path = HYTimeLineView.h; sourceTree = "<group>"; };
		FBADB5C41AFCC89E0067955A /* HYTimeLineView.m */ = {isa = PBXFileReference; fileEncoding = 4; lastKnownFileType = sourcecode.c.objc; path = HYTimeLineView.m; sourceTree = "<group>"; };
		FBADB5C81AFCC8EF0067955A /* HYTimeLineAboveView.h */ = {isa = PBXFileReference; fileEncoding = 4; lastKnownFileType = sourcecode.c.h; path = HYTimeLineAboveView.h; sourceTree = "<group>"; };
		FBADB5C91AFCC8EF0067955A /* HYTimeLineAboveView.m */ = {isa = PBXFileReference; fileEncoding = 4; lastKnownFileType = sourcecode.c.objc; path = HYTimeLineAboveView.m; sourceTree = "<group>"; };
		FBADB5CB1AFCC8F90067955A /* HYTimeLineBelowView.h */ = {isa = PBXFileReference; fileEncoding = 4; lastKnownFileType = sourcecode.c.h; path = HYTimeLineBelowView.h; sourceTree = "<group>"; };
		FBADB5CC1AFCC8F90067955A /* HYTimeLineBelowView.m */ = {isa = PBXFileReference; fileEncoding = 4; lastKnownFileType = sourcecode.c.objc; path = HYTimeLineBelowView.m; sourceTree = "<group>"; };
		FBADB5CE1AFCC9630067955A /* HYTimeLineAbovePositionModel.h */ = {isa = PBXFileReference; fileEncoding = 4; lastKnownFileType = sourcecode.c.h; path = HYTimeLineAbovePositionModel.h; sourceTree = "<group>"; };
		FBADB5CF1AFCC9630067955A /* HYTimeLineAbovePositionModel.m */ = {isa = PBXFileReference; fileEncoding = 4; lastKnownFileType = sourcecode.c.objc; path = HYTimeLineAbovePositionModel.m; sourceTree = "<group>"; };
		FBADB5D11AFCC9CA0067955A /* HYTimeLineBelowPositionModel.h */ = {isa = PBXFileReference; fileEncoding = 4; lastKnownFileType = sourcecode.c.h; path = HYTimeLineBelowPositionModel.h; sourceTree = "<group>"; };
		FBADB5D21AFCC9CA0067955A /* HYTimeLineBelowPositionModel.m */ = {isa = PBXFileReference; fileEncoding = 4; lastKnownFileType = sourcecode.c.objc; path = HYTimeLineBelowPositionModel.m; sourceTree = "<group>"; };
		FBADB5D41AFCCA050067955A /* HYTimeLine.h */ = {isa = PBXFileReference; fileEncoding = 4; lastKnownFileType = sourcecode.c.h; path = HYTimeLine.h; sourceTree = "<group>"; };
		FBADB5D51AFCCA050067955A /* HYTimeLine.m */ = {isa = PBXFileReference; fileEncoding = 4; lastKnownFileType = sourcecode.c.objc; path = HYTimeLine.m; sourceTree = "<group>"; };
		FBADB5D71AFCCACB0067955A /* HYTimeLineModel.h */ = {isa = PBXFileReference; fileEncoding = 4; lastKnownFileType = sourcecode.c.h; path = HYTimeLineModel.h; sourceTree = "<group>"; };
		FBADB5D81AFCCACB0067955A /* HYTimeLineModel.m */ = {isa = PBXFileReference; fileEncoding = 4; lastKnownFileType = sourcecode.c.objc; path = HYTimeLineModel.m; sourceTree = "<group>"; };
		FBC5377E1B0379DE00BDF345 /* HYStockChartSegmentView.h */ = {isa = PBXFileReference; fileEncoding = 4; lastKnownFileType = sourcecode.c.h; path = HYStockChartSegmentView.h; sourceTree = "<group>"; };
		FBC5377F1B0379DE00BDF345 /* HYStockChartSegmentView.m */ = {isa = PBXFileReference; fileEncoding = 4; lastKnownFileType = sourcecode.c.objc; path = HYStockChartSegmentView.m; sourceTree = "<group>"; };
/* End PBXFileReference section */

/* Begin PBXFrameworksBuildPhase section */
		FB76B7441AF71D6300FDE90B /* Frameworks */ = {
			isa = PBXFrameworksBuildPhase;
			buildActionMask = 2147483647;
			files = (
			);
			runOnlyForDeploymentPostprocessing = 0;
		};
		FB76B75D1AF71D6300FDE90B /* Frameworks */ = {
			isa = PBXFrameworksBuildPhase;
			buildActionMask = 2147483647;
			files = (
			);
			runOnlyForDeploymentPostprocessing = 0;
		};
/* End PBXFrameworksBuildPhase section */

/* Begin PBXGroup section */
		FB4AC6E01AF8F4170005707E /* HYKeyValueObserver */ = {
			isa = PBXGroup;
			children = (
				FB4AC6E11AF8F4170005707E /* HYKeyValueObserver.h */,
				FB4AC6E21AF8F4170005707E /* HYKeyValueObserver.m */,
			);
			path = HYKeyValueObserver;
			sourceTree = "<group>";
		};
		FB65201B1AFB4C1D004AC694 /* GloablVariable */ = {
			isa = PBXGroup;
			children = (
				FB65201C1AFB4C52004AC694 /* HYStockChartGloablVariable.h */,
				FB65201D1AFB4C52004AC694 /* HYStockChartGloablVariable.m */,
			);
			path = GloablVariable;
			sourceTree = "<group>";
		};
		FB7063871AFC6BB4004484A7 /* KLine */ = {
			isa = PBXGroup;
			children = (
				FB7063881AFC6BB4004484A7 /* AboveView */,
				FB70638F1AFC6BB4004484A7 /* BelowView */,
				FB7063961AFC6BB4004484A7 /* HYKLineModel.h */,
				FB7063971AFC6BB4004484A7 /* HYKLineModel.m */,
				FB7063981AFC6BB4004484A7 /* HYKLineView.h */,
				FB7063991AFC6BB4004484A7 /* HYKLineView.m */,
			);
			path = KLine;
			sourceTree = "<group>";
		};
		FB7063881AFC6BB4004484A7 /* AboveView */ = {
			isa = PBXGroup;
			children = (
				FB7063891AFC6BB4004484A7 /* HYKLine.h */,
				FB70638A1AFC6BB4004484A7 /* HYKLine.m */,
				FB70638B1AFC6BB4004484A7 /* HYKLineAboveView.h */,
				FB70638C1AFC6BB4004484A7 /* HYKLineAboveView.m */,
				FB70638D1AFC6BB4004484A7 /* HYKLinePositionModel.h */,
				FB70638E1AFC6BB4004484A7 /* HYKLinePositionModel.m */,
			);
			path = AboveView;
			sourceTree = "<group>";
		};
		FB70638F1AFC6BB4004484A7 /* BelowView */ = {
			isa = PBXGroup;
			children = (
				FB7063921AFC6BB4004484A7 /* HYKLineVolume.h */,
				FB7063931AFC6BB4004484A7 /* HYKLineVolume.m */,
				FB7063901AFC6BB4004484A7 /* HYKLineBelowView.h */,
				FB7063911AFC6BB4004484A7 /* HYKLineBelowView.m */,
				FB7063941AFC6BB4004484A7 /* HYKLineVolumePositionModel.h */,
				FB7063951AFC6BB4004484A7 /* HYKLineVolumePositionModel.m */,
			);
			path = BelowView;
			sourceTree = "<group>";
		};
		FB76B73E1AF71D6300FDE90B = {
			isa = PBXGroup;
			children = (
				FB76B7491AF71D6300FDE90B /* JimuStockChartDemo */,
				FB76B7631AF71D6300FDE90B /* JimuStockChartDemoTests */,
				FB76B7481AF71D6300FDE90B /* Products */,
			);
			sourceTree = "<group>";
		};
		FB76B7481AF71D6300FDE90B /* Products */ = {
			isa = PBXGroup;
			children = (
				FB76B7471AF71D6300FDE90B /* JimuStockChartDemo.app */,
				FB76B7601AF71D6300FDE90B /* JimuStockChartDemoTests.xctest */,
			);
			name = Products;
			sourceTree = "<group>";
		};
		FB76B7491AF71D6300FDE90B /* JimuStockChartDemo */ = {
			isa = PBXGroup;
			children = (
				FB4AC6E01AF8F4170005707E /* HYKeyValueObserver */,
				FB76B7E41AF76CE800FDE90B /* MJExtension */,
				FB76B7DB1AF7696E00FDE90B /* CHCSVParser */,
				FB76B7811AF7535D00FDE90B /* Masonry */,
				FB76B7701AF71D9900FDE90B /* HYStockChart */,
				FB76B74E1AF71D6300FDE90B /* AppDelegate.h */,
				FB76B74F1AF71D6300FDE90B /* AppDelegate.m */,
				FB76B7511AF71D6300FDE90B /* ViewController.h */,
				FB76B7521AF71D6300FDE90B /* ViewController.m */,
				FB76B7541AF71D6300FDE90B /* Main.storyboard */,
				FB76B7571AF71D6300FDE90B /* Images.xcassets */,
				FB76B7591AF71D6300FDE90B /* LaunchScreen.xib */,
				FB76B74A1AF71D6300FDE90B /* Supporting Files */,
			);
			path = JimuStockChartDemo;
			sourceTree = "<group>";
		};
		FB76B74A1AF71D6300FDE90B /* Supporting Files */ = {
			isa = PBXGroup;
			children = (
				FBADB5C01AFCC67F0067955A /* TimeLine.plist */,
				FB6520331AFB8973004AC694 /* KLine.plist */,
				FB76B7D91AF7627D00FDE90B /* stock.csv */,
				FB76B74B1AF71D6300FDE90B /* Info.plist */,
				FB76B74C1AF71D6300FDE90B /* main.m */,
			);
			name = "Supporting Files";
			sourceTree = "<group>";
		};
		FB76B7631AF71D6300FDE90B /* JimuStockChartDemoTests */ = {
			isa = PBXGroup;
			children = (
				FB76B7661AF71D6300FDE90B /* JimuStockChartDemoTests.m */,
				FB76B7641AF71D6300FDE90B /* Supporting Files */,
			);
			path = JimuStockChartDemoTests;
			sourceTree = "<group>";
		};
		FB76B7641AF71D6300FDE90B /* Supporting Files */ = {
			isa = PBXGroup;
			children = (
				FB76B7651AF71D6300FDE90B /* Info.plist */,
			);
			name = "Supporting Files";
			sourceTree = "<group>";
		};
		FB76B7701AF71D9900FDE90B /* HYStockChart */ = {
			isa = PBXGroup;
			children = (
				FBC5377D1B0379AC00BDF345 /* SegmentView */,
				FB883DED1AF7B8D200E634EF /* HYStockChart.h */,
				FB65201B1AFB4C1D004AC694 /* GloablVariable */,
				FB883DF11AF7B94600E634EF /* Constant */,
				FB7063871AFC6BB4004484A7 /* KLine */,
				FBADB5C21AFCC7590067955A /* TimeLine */,
				FB76B7CC1AF75B5E00FDE90B /* StockChartView */,
			);
			path = HYStockChart;
			sourceTree = "<group>";
		};
		FB76B7811AF7535D00FDE90B /* Masonry */ = {
			isa = PBXGroup;
			children = (
				FB76B7821AF7535D00FDE90B /* MASCompositeConstraint.h */,
				FB76B7831AF7535D00FDE90B /* MASCompositeConstraint.m */,
				FB76B7841AF7535D00FDE90B /* MASConstraint+Private.h */,
				FB76B7851AF7535D00FDE90B /* MASConstraint.h */,
				FB76B7861AF7535D00FDE90B /* MASConstraint.m */,
				FB76B7871AF7535D00FDE90B /* MASConstraintMaker.h */,
				FB76B7881AF7535D00FDE90B /* MASConstraintMaker.m */,
				FB76B7891AF7535D00FDE90B /* MASLayoutConstraint.h */,
				FB76B78A1AF7535D00FDE90B /* MASLayoutConstraint.m */,
				FB76B78B1AF7535D00FDE90B /* Masonry.h */,
				FB76B78C1AF7535D00FDE90B /* MASUtilities.h */,
				FB76B78D1AF7535D00FDE90B /* MASViewAttribute.h */,
				FB76B78E1AF7535D00FDE90B /* MASViewAttribute.m */,
				FB76B78F1AF7535D00FDE90B /* MASViewConstraint.h */,
				FB76B7901AF7535D00FDE90B /* MASViewConstraint.m */,
				FB76B7911AF7535D00FDE90B /* NSArray+MASAdditions.h */,
				FB76B7921AF7535D00FDE90B /* NSArray+MASAdditions.m */,
				FB76B7931AF7535D00FDE90B /* NSArray+MASShorthandAdditions.h */,
				FB76B7941AF7535D00FDE90B /* NSLayoutConstraint+MASDebugAdditions.h */,
				FB76B7951AF7535D00FDE90B /* NSLayoutConstraint+MASDebugAdditions.m */,
				FB76B7961AF7535D00FDE90B /* View+MASAdditions.h */,
				FB76B7971AF7535D00FDE90B /* View+MASAdditions.m */,
				FB76B7981AF7535D00FDE90B /* View+MASShorthandAdditions.h */,
			);
			path = Masonry;
			sourceTree = "<group>";
		};
		FB76B7CC1AF75B5E00FDE90B /* StockChartView */ = {
			isa = PBXGroup;
			children = (
				FB76B7CD1AF75B5E00FDE90B /* HYStockChartView.h */,
				FB76B7CE1AF75B5E00FDE90B /* HYStockChartView.m */,
			);
			path = StockChartView;
			sourceTree = "<group>";
		};
		FB76B7DB1AF7696E00FDE90B /* CHCSVParser */ = {
			isa = PBXGroup;
			children = (
				FB76B7DC1AF7696E00FDE90B /* CHCSVParser.h */,
				FB76B7DD1AF7696E00FDE90B /* CHCSVParser.m */,
			);
			path = CHCSVParser;
			sourceTree = "<group>";
		};
		FB76B7E41AF76CE800FDE90B /* MJExtension */ = {
			isa = PBXGroup;
			children = (
				FB76B7E51AF76CE800FDE90B /* MJConst.h */,
				FB76B7E61AF76CE800FDE90B /* MJConst.m */,
				FB76B7E71AF76CE800FDE90B /* MJExtension.h */,
				FB76B7E81AF76CE800FDE90B /* MJFoundation.h */,
				FB76B7E91AF76CE800FDE90B /* MJFoundation.m */,
				FB76B7EA1AF76CE800FDE90B /* MJProperty.h */,
				FB76B7EB1AF76CE800FDE90B /* MJProperty.m */,
				FB76B7EC1AF76CE800FDE90B /* MJType.h */,
				FB76B7ED1AF76CE800FDE90B /* MJType.m */,
				FB76B7EE1AF76CE800FDE90B /* NSObject+MJCoding.h */,
				FB76B7EF1AF76CE800FDE90B /* NSObject+MJCoding.m */,
				FB76B7F01AF76CE800FDE90B /* NSObject+MJKeyValue.h */,
				FB76B7F11AF76CE800FDE90B /* NSObject+MJKeyValue.m */,
				FB76B7F21AF76CE800FDE90B /* NSObject+MJProperty.h */,
				FB76B7F31AF76CE800FDE90B /* NSObject+MJProperty.m */,
				FB76B7F41AF76CE800FDE90B /* NSString+MJExtension.h */,
				FB76B7F51AF76CE800FDE90B /* NSString+MJExtension.m */,
			);
			path = MJExtension;
			sourceTree = "<group>";
		};
		FB883DF11AF7B94600E634EF /* Constant */ = {
			isa = PBXGroup;
			children = (
				FB883DF21AF7BA0400E634EF /* HYStockChartConstant.h */,
				FB883DF31AF7BA2100E634EF /* HYStockChartConstant.m */,
			);
			path = Constant;
			sourceTree = "<group>";
		};
		FBADB5C21AFCC7590067955A /* TimeLine */ = {
			isa = PBXGroup;
			children = (
				FBADB5C61AFCC8CB0067955A /* AboveView */,
				FBADB5C71AFCC8CB0067955A /* BelowView */,
				FBADB5D71AFCCACB0067955A /* HYTimeLineModel.h */,
				FBADB5D81AFCCACB0067955A /* HYTimeLineModel.m */,
				FB6529E11B00BF3200627565 /* HYTimeLineGroupModel.h */,
				FB6529E21B00BF3200627565 /* HYTimeLineGroupModel.m */,
				FBADB5C31AFCC89E0067955A /* HYTimeLineView.h */,
				FBADB5C41AFCC89E0067955A /* HYTimeLineView.m */,
			);
			path = TimeLine;
			sourceTree = "<group>";
		};
		FBADB5C61AFCC8CB0067955A /* AboveView */ = {
			isa = PBXGroup;
			children = (
				FBADB5D41AFCCA050067955A /* HYTimeLine.h */,
				FBADB5D51AFCCA050067955A /* HYTimeLine.m */,
				FBADB5C81AFCC8EF0067955A /* HYTimeLineAboveView.h */,
				FBADB5C91AFCC8EF0067955A /* HYTimeLineAboveView.m */,
				FBADB5CE1AFCC9630067955A /* HYTimeLineAbovePositionModel.h */,
				FBADB5CF1AFCC9630067955A /* HYTimeLineAbovePositionModel.m */,
			);
			path = AboveView;
			sourceTree = "<group>";
		};
		FBADB5C71AFCC8CB0067955A /* BelowView */ = {
			isa = PBXGroup;
			children = (
				FB6529E41B00D39200627565 /* HYTimeLineVolume.h */,
				FB6529E51B00D39200627565 /* HYTimeLineVolume.m */,
				FBADB5CB1AFCC8F90067955A /* HYTimeLineBelowView.h */,
				FBADB5CC1AFCC8F90067955A /* HYTimeLineBelowView.m */,
				FBADB5D11AFCC9CA0067955A /* HYTimeLineBelowPositionModel.h */,
				FBADB5D21AFCC9CA0067955A /* HYTimeLineBelowPositionModel.m */,
			);
			path = BelowView;
			sourceTree = "<group>";
		};
		FBC5377D1B0379AC00BDF345 /* SegmentView */ = {
			isa = PBXGroup;
			children = (
				FBC5377E1B0379DE00BDF345 /* HYStockChartSegmentView.h */,
				FBC5377F1B0379DE00BDF345 /* HYStockChartSegmentView.m */,
			);
			path = SegmentView;
			sourceTree = "<group>";
		};
/* End PBXGroup section */

/* Begin PBXNativeTarget section */
		FB76B7461AF71D6300FDE90B /* JimuStockChartDemo */ = {
			isa = PBXNativeTarget;
			buildConfigurationList = FB76B76A1AF71D6300FDE90B /* Build configuration list for PBXNativeTarget "JimuStockChartDemo" */;
			buildPhases = (
				FB76B7431AF71D6300FDE90B /* Sources */,
				FB76B7441AF71D6300FDE90B /* Frameworks */,
				FB76B7451AF71D6300FDE90B /* Resources */,
			);
			buildRules = (
			);
			dependencies = (
			);
			name = JimuStockChartDemo;
			productName = JimuStockChartDemo;
			productReference = FB76B7471AF71D6300FDE90B /* JimuStockChartDemo.app */;
			productType = "com.apple.product-type.application";
		};
		FB76B75F1AF71D6300FDE90B /* JimuStockChartDemoTests */ = {
			isa = PBXNativeTarget;
			buildConfigurationList = FB76B76D1AF71D6300FDE90B /* Build configuration list for PBXNativeTarget "JimuStockChartDemoTests" */;
			buildPhases = (
				FB76B75C1AF71D6300FDE90B /* Sources */,
				FB76B75D1AF71D6300FDE90B /* Frameworks */,
				FB76B75E1AF71D6300FDE90B /* Resources */,
			);
			buildRules = (
			);
			dependencies = (
				FB76B7621AF71D6300FDE90B /* PBXTargetDependency */,
			);
			name = JimuStockChartDemoTests;
			productName = JimuStockChartDemoTests;
			productReference = FB76B7601AF71D6300FDE90B /* JimuStockChartDemoTests.xctest */;
			productType = "com.apple.product-type.bundle.unit-test";
		};
/* End PBXNativeTarget section */

/* Begin PBXProject section */
		FB76B73F1AF71D6300FDE90B /* Project object */ = {
			isa = PBXProject;
			attributes = {
				LastUpgradeCheck = 0630;
				ORGANIZATIONNAME = jimubox;
				TargetAttributes = {
					FB76B7461AF71D6300FDE90B = {
						CreatedOnToolsVersion = 6.3.1;
					};
					FB76B75F1AF71D6300FDE90B = {
						CreatedOnToolsVersion = 6.3.1;
						TestTargetID = FB76B7461AF71D6300FDE90B;
					};
				};
			};
			buildConfigurationList = FB76B7421AF71D6300FDE90B /* Build configuration list for PBXProject "JimuStockChartDemo" */;
			compatibilityVersion = "Xcode 3.2";
			developmentRegion = English;
			hasScannedForEncodings = 0;
			knownRegions = (
				en,
				Base,
			);
			mainGroup = FB76B73E1AF71D6300FDE90B;
			productRefGroup = FB76B7481AF71D6300FDE90B /* Products */;
			projectDirPath = "";
			projectRoot = "";
			targets = (
				FB76B7461AF71D6300FDE90B /* JimuStockChartDemo */,
				FB76B75F1AF71D6300FDE90B /* JimuStockChartDemoTests */,
			);
		};
/* End PBXProject section */

/* Begin PBXResourcesBuildPhase section */
		FB76B7451AF71D6300FDE90B /* Resources */ = {
			isa = PBXResourcesBuildPhase;
			buildActionMask = 2147483647;
			files = (
				FB76B7561AF71D6300FDE90B /* Main.storyboard in Resources */,
				FB76B75B1AF71D6300FDE90B /* LaunchScreen.xib in Resources */,
				FB76B7581AF71D6300FDE90B /* Images.xcassets in Resources */,
				FBADB5C11AFCC67F0067955A /* TimeLine.plist in Resources */,
				FB76B7DA1AF7627D00FDE90B /* stock.csv in Resources */,
				FB6520341AFB8973004AC694 /* KLine.plist in Resources */,
			);
			runOnlyForDeploymentPostprocessing = 0;
		};
		FB76B75E1AF71D6300FDE90B /* Resources */ = {
			isa = PBXResourcesBuildPhase;
			buildActionMask = 2147483647;
			files = (
			);
			runOnlyForDeploymentPostprocessing = 0;
		};
/* End PBXResourcesBuildPhase section */

/* Begin PBXSourcesBuildPhase section */
		FB76B7431AF71D6300FDE90B /* Sources */ = {
			isa = PBXSourcesBuildPhase;
			buildActionMask = 2147483647;
			files = (
				FB76B7D31AF75B5E00FDE90B /* HYStockChartView.m in Sources */,
				FB76B7F91AF76CE800FDE90B /* MJType.m in Sources */,
				FB6529E31B00BF3200627565 /* HYTimeLineGroupModel.m in Sources */,
				FB76B79F1AF7535D00FDE90B /* NSArray+MASAdditions.m in Sources */,
				FB70639D1AFC6BB4004484A7 /* HYKLineBelowView.m in Sources */,
				FB65201E1AFB4C52004AC694 /* HYStockChartGloablVariable.m in Sources */,
				FB76B79E1AF7535D00FDE90B /* MASViewConstraint.m in Sources */,
				FB6529E61B00D39200627565 /* HYTimeLineVolume.m in Sources */,
				FB76B79B1AF7535D00FDE90B /* MASConstraintMaker.m in Sources */,
				FB76B7A11AF7535D00FDE90B /* View+MASAdditions.m in Sources */,
				FB4AC6E31AF8F4170005707E /* HYKeyValueObserver.m in Sources */,
				FB70639F1AFC6BB4004484A7 /* HYKLineVolumePositionModel.m in Sources */,
				FB76B79A1AF7535D00FDE90B /* MASConstraint.m in Sources */,
				FB76B79D1AF7535D00FDE90B /* MASViewAttribute.m in Sources */,
				FB76B7DF1AF7696E00FDE90B /* CHCSVParser.m in Sources */,
				FB76B7A01AF7535D00FDE90B /* NSLayoutConstraint+MASDebugAdditions.m in Sources */,
				FBADB5D61AFCCA050067955A /* HYTimeLine.m in Sources */,
				FB76B7531AF71D6300FDE90B /* ViewController.m in Sources */,
				FB76B7FB1AF76CE800FDE90B /* NSObject+MJKeyValue.m in Sources */,
				FBADB5C51AFCC89E0067955A /* HYTimeLineView.m in Sources */,
				FB70639A1AFC6BB4004484A7 /* HYKLine.m in Sources */,
				FBADB5D31AFCC9CA0067955A /* HYTimeLineBelowPositionModel.m in Sources */,
				FB76B7991AF7535D00FDE90B /* MASCompositeConstraint.m in Sources */,
				FBADB5D91AFCCACB0067955A /* HYTimeLineModel.m in Sources */,
				FB76B7F61AF76CE800FDE90B /* MJConst.m in Sources */,
				FBADB5D01AFCC9630067955A /* HYTimeLineAbovePositionModel.m in Sources */,
				FBADB5CD1AFCC8F90067955A /* HYTimeLineBelowView.m in Sources */,
				FB76B7FC1AF76CE800FDE90B /* NSObject+MJProperty.m in Sources */,
				FB7063A01AFC6BB4004484A7 /* HYKLineModel.m in Sources */,
				FB76B7F71AF76CE800FDE90B /* MJFoundation.m in Sources */,
				FB70639E1AFC6BB4004484A7 /* HYKLineVolume.m in Sources */,
				FB76B79C1AF7535D00FDE90B /* MASLayoutConstraint.m in Sources */,
				FB76B7501AF71D6300FDE90B /* AppDelegate.m in Sources */,
				FBADB5CA1AFCC8EF0067955A /* HYTimeLineAboveView.m in Sources */,
				FB76B7FA1AF76CE800FDE90B /* NSObject+MJCoding.m in Sources */,
				FBC537801B0379DE00BDF345 /* HYStockChartSegmentView.m in Sources */,
				FB76B74D1AF71D6300FDE90B /* main.m in Sources */,
				FB76B7F81AF76CE800FDE90B /* MJProperty.m in Sources */,
				FB70639C1AFC6BB4004484A7 /* HYKLinePositionModel.m in Sources */,
				FB70639B1AFC6BB4004484A7 /* HYKLineAboveView.m in Sources */,
				FB7063A11AFC6BB4004484A7 /* HYKLineView.m in Sources */,
				FB883DF41AF7BA2100E634EF /* HYStockChartConstant.m in Sources */,
				FB76B7FD1AF76CE800FDE90B /* NSString+MJExtension.m in Sources */,
			);
			runOnlyForDeploymentPostprocessing = 0;
		};
		FB76B75C1AF71D6300FDE90B /* Sources */ = {
			isa = PBXSourcesBuildPhase;
			buildActionMask = 2147483647;
			files = (
				FB76B7671AF71D6300FDE90B /* JimuStockChartDemoTests.m in Sources */,
			);
			runOnlyForDeploymentPostprocessing = 0;
		};
/* End PBXSourcesBuildPhase section */

/* Begin PBXTargetDependency section */
		FB76B7621AF71D6300FDE90B /* PBXTargetDependency */ = {
			isa = PBXTargetDependency;
			target = FB76B7461AF71D6300FDE90B /* JimuStockChartDemo */;
			targetProxy = FB76B7611AF71D6300FDE90B /* PBXContainerItemProxy */;
		};
/* End PBXTargetDependency section */

/* Begin PBXVariantGroup section */
		FB76B7541AF71D6300FDE90B /* Main.storyboard */ = {
			isa = PBXVariantGroup;
			children = (
				FB76B7551AF71D6300FDE90B /* Base */,
			);
			name = Main.storyboard;
			sourceTree = "<group>";
		};
		FB76B7591AF71D6300FDE90B /* LaunchScreen.xib */ = {
			isa = PBXVariantGroup;
			children = (
				FB76B75A1AF71D6300FDE90B /* Base */,
			);
			name = LaunchScreen.xib;
			sourceTree = "<group>";
		};
/* End PBXVariantGroup section */

/* Begin XCBuildConfiguration section */
		FB76B7681AF71D6300FDE90B /* Debug */ = {
			isa = XCBuildConfiguration;
			buildSettings = {
				ALWAYS_SEARCH_USER_PATHS = NO;
				CLANG_CXX_LANGUAGE_STANDARD = "gnu++0x";
				CLANG_CXX_LIBRARY = "libc++";
				CLANG_ENABLE_MODULES = YES;
				CLANG_ENABLE_OBJC_ARC = YES;
				CLANG_WARN_BOOL_CONVERSION = YES;
				CLANG_WARN_CONSTANT_CONVERSION = YES;
				CLANG_WARN_DIRECT_OBJC_ISA_USAGE = YES_ERROR;
				CLANG_WARN_EMPTY_BODY = YES;
				CLANG_WARN_ENUM_CONVERSION = YES;
				CLANG_WARN_INT_CONVERSION = YES;
				CLANG_WARN_OBJC_ROOT_CLASS = YES_ERROR;
				CLANG_WARN_UNREACHABLE_CODE = YES;
				CLANG_WARN__DUPLICATE_METHOD_MATCH = YES;
				CODE_SIGN_IDENTITY = "iPhone Developer: Xianfeng Cheng (CUN4CK964J)";
				"CODE_SIGN_IDENTITY[sdk=iphoneos*]" = "iPhone Developer: Xianfeng Cheng (CUN4CK964J)";
				COPY_PHASE_STRIP = NO;
				DEBUG_INFORMATION_FORMAT = "dwarf-with-dsym";
				ENABLE_STRICT_OBJC_MSGSEND = YES;
				GCC_C_LANGUAGE_STANDARD = gnu99;
				GCC_DYNAMIC_NO_PIC = NO;
				GCC_NO_COMMON_BLOCKS = YES;
				GCC_OPTIMIZATION_LEVEL = 0;
				GCC_PREPROCESSOR_DEFINITIONS = (
					"DEBUG=1",
					"$(inherited)",
				);
				GCC_SYMBOLS_PRIVATE_EXTERN = NO;
				GCC_WARN_64_TO_32_BIT_CONVERSION = YES;
				GCC_WARN_ABOUT_RETURN_TYPE = YES_ERROR;
				GCC_WARN_UNDECLARED_SELECTOR = YES;
				GCC_WARN_UNINITIALIZED_AUTOS = YES_AGGRESSIVE;
				GCC_WARN_UNUSED_FUNCTION = YES;
				GCC_WARN_UNUSED_VARIABLE = YES;
				IPHONEOS_DEPLOYMENT_TARGET = 8.3;
				MTL_ENABLE_DEBUG_INFO = YES;
				ONLY_ACTIVE_ARCH = YES;
				PROVISIONING_PROFILE = "30019a57-4501-4d85-86ee-b4a2faf8aecb";
				SDKROOT = iphoneos;
			};
			name = Debug;
		};
		FB76B7691AF71D6300FDE90B /* Release */ = {
			isa = XCBuildConfiguration;
			buildSettings = {
				ALWAYS_SEARCH_USER_PATHS = NO;
				CLANG_CXX_LANGUAGE_STANDARD = "gnu++0x";
				CLANG_CXX_LIBRARY = "libc++";
				CLANG_ENABLE_MODULES = YES;
				CLANG_ENABLE_OBJC_ARC = YES;
				CLANG_WARN_BOOL_CONVERSION = YES;
				CLANG_WARN_CONSTANT_CONVERSION = YES;
				CLANG_WARN_DIRECT_OBJC_ISA_USAGE = YES_ERROR;
				CLANG_WARN_EMPTY_BODY = YES;
				CLANG_WARN_ENUM_CONVERSION = YES;
				CLANG_WARN_INT_CONVERSION = YES;
				CLANG_WARN_OBJC_ROOT_CLASS = YES_ERROR;
				CLANG_WARN_UNREACHABLE_CODE = YES;
				CLANG_WARN__DUPLICATE_METHOD_MATCH = YES;
				CODE_SIGN_IDENTITY = "iPhone Developer: Xianfeng Cheng (CUN4CK964J)";
				"CODE_SIGN_IDENTITY[sdk=iphoneos*]" = "iPhone Developer: Xianfeng Cheng (CUN4CK964J)";
				COPY_PHASE_STRIP = NO;
				DEBUG_INFORMATION_FORMAT = "dwarf-with-dsym";
				ENABLE_NS_ASSERTIONS = NO;
				ENABLE_STRICT_OBJC_MSGSEND = YES;
				GCC_C_LANGUAGE_STANDARD = gnu99;
				GCC_NO_COMMON_BLOCKS = YES;
				GCC_WARN_64_TO_32_BIT_CONVERSION = YES;
				GCC_WARN_ABOUT_RETURN_TYPE = YES_ERROR;
				GCC_WARN_UNDECLARED_SELECTOR = YES;
				GCC_WARN_UNINITIALIZED_AUTOS = YES_AGGRESSIVE;
				GCC_WARN_UNUSED_FUNCTION = YES;
				GCC_WARN_UNUSED_VARIABLE = YES;
				IPHONEOS_DEPLOYMENT_TARGET = 8.3;
				MTL_ENABLE_DEBUG_INFO = NO;
				PROVISIONING_PROFILE = "30019a57-4501-4d85-86ee-b4a2faf8aecb";
				SDKROOT = iphoneos;
				VALIDATE_PRODUCT = YES;
			};
			name = Release;
		};
		FB76B76B1AF71D6300FDE90B /* Debug */ = {
			isa = XCBuildConfiguration;
			buildSettings = {
				ASSETCATALOG_COMPILER_APPICON_NAME = AppIcon;
				CODE_SIGN_IDENTITY = "iPhone Developer: Xianfeng Cheng (CUN4CK964J)";
				INFOPLIST_FILE = JimuStockChartDemo/Info.plist;
				IPHONEOS_DEPLOYMENT_TARGET = 7.0;
				LD_RUNPATH_SEARCH_PATHS = "$(inherited) @executable_path/Frameworks";
				PRODUCT_NAME = "$(TARGET_NAME)";
				PROVISIONING_PROFILE = "30019a57-4501-4d85-86ee-b4a2faf8aecb";
			};
			name = Debug;
		};
		FB76B76C1AF71D6300FDE90B /* Release */ = {
			isa = XCBuildConfiguration;
			buildSettings = {
				ASSETCATALOG_COMPILER_APPICON_NAME = AppIcon;
				CODE_SIGN_IDENTITY = "iPhone Developer: Xianfeng Cheng (CUN4CK964J)";
				INFOPLIST_FILE = JimuStockChartDemo/Info.plist;
				IPHONEOS_DEPLOYMENT_TARGET = 7.0;
				LD_RUNPATH_SEARCH_PATHS = "$(inherited) @executable_path/Frameworks";
				PRODUCT_NAME = "$(TARGET_NAME)";
				PROVISIONING_PROFILE = "30019a57-4501-4d85-86ee-b4a2faf8aecb";
			};
			name = Release;
		};
		FB76B76E1AF71D6300FDE90B /* Debug */ = {
			isa = XCBuildConfiguration;
			buildSettings = {
				BUNDLE_LOADER = "$(TEST_HOST)";
				FRAMEWORK_SEARCH_PATHS = (
					"$(SDKROOT)/Developer/Library/Frameworks",
					"$(inherited)",
				);
				GCC_PREPROCESSOR_DEFINITIONS = (
					"DEBUG=1",
					"$(inherited)",
				);
				INFOPLIST_FILE = JimuStockChartDemoTests/Info.plist;
				LD_RUNPATH_SEARCH_PATHS = "$(inherited) @executable_path/Frameworks @loader_path/Frameworks";
				PRODUCT_NAME = "$(TARGET_NAME)";
				TEST_HOST = "$(BUILT_PRODUCTS_DIR)/JimuStockChartDemo.app/JimuStockChartDemo";
			};
			name = Debug;
		};
		FB76B76F1AF71D6300FDE90B /* Release */ = {
			isa = XCBuildConfiguration;
			buildSettings = {
				BUNDLE_LOADER = "$(TEST_HOST)";
				FRAMEWORK_SEARCH_PATHS = (
					"$(SDKROOT)/Developer/Library/Frameworks",
					"$(inherited)",
				);
				INFOPLIST_FILE = JimuStockChartDemoTests/Info.plist;
				LD_RUNPATH_SEARCH_PATHS = "$(inherited) @executable_path/Frameworks @loader_path/Frameworks";
				PRODUCT_NAME = "$(TARGET_NAME)";
				TEST_HOST = "$(BUILT_PRODUCTS_DIR)/JimuStockChartDemo.app/JimuStockChartDemo";
			};
			name = Release;
		};
/* End XCBuildConfiguration section */

/* Begin XCConfigurationList section */
		FB76B7421AF71D6300FDE90B /* Build configuration list for PBXProject "JimuStockChartDemo" */ = {
			isa = XCConfigurationList;
			buildConfigurations = (
				FB76B7681AF71D6300FDE90B /* Debug */,
				FB76B7691AF71D6300FDE90B /* Release */,
			);
			defaultConfigurationIsVisible = 0;
			defaultConfigurationName = Release;
		};
		FB76B76A1AF71D6300FDE90B /* Build configuration list for PBXNativeTarget "JimuStockChartDemo" */ = {
			isa = XCConfigurationList;
			buildConfigurations = (
				FB76B76B1AF71D6300FDE90B /* Debug */,
				FB76B76C1AF71D6300FDE90B /* Release */,
			);
			defaultConfigurationIsVisible = 0;
			defaultConfigurationName = Release;
		};
		FB76B76D1AF71D6300FDE90B /* Build configuration list for PBXNativeTarget "JimuStockChartDemoTests" */ = {
			isa = XCConfigurationList;
			buildConfigurations = (
				FB76B76E1AF71D6300FDE90B /* Debug */,
				FB76B76F1AF71D6300FDE90B /* Release */,
			);
			defaultConfigurationIsVisible = 0;
			defaultConfigurationName = Release;
		};
/* End XCConfigurationList section */
	};
	rootObject = FB76B73F1AF71D6300FDE90B /* Project object */;
}
